
Microsoft Visual Studio Solution File, Format Version 12.00
# Visual Studio 15
VisualStudioVersion = 15.0.26430.16
MinimumVisualStudioVersion = 10.0.40219.1
Project("{F184B08F-C81C-45F6-A57F-5ABD9991F28F}") = "Myproject076-3", "Myproject076-3\Myproject076-3.vbproj", "{16F28D4F-358F-4E8E-9AA2-69DAE3F6BCCD}"
EndProject
Global
	GlobalSection(SolutionConfigurationPlatforms) = preSolution
		Debug|Any CPU = Debug|Any CPU
		Release|Any CPU = Release|Any CPU
	EndGlobalSection
	GlobalSection(ProjectConfigurationPlatforms) = postSolution
		{16F28D4F-358F-4E8E-9AA2-69DAE3F6BCCD}.Debug|Any CPU.ActiveCfg = Debug|Any CPU
		{16F28D4F-358F-4E8E-9AA2-69DAE3F6BCCD}.Debug|Any CPU.Build.0 = Debug|Any CPU
		{16F28D4F-358F-4E8E-9AA2-69DAE3F6BCCD}.Release|Any CPU.ActiveCfg = Release|Any CPU
		{16F28D4F-358F-4E8E-9AA2-69DAE3F6BCCD}.Release|Any CPU.Build.0 = Release|Any CPU
	EndGlobalSection
	GlobalSection(SolutionProperties) = preSolution
		HideSolutionNode = FALSE
	EndGlobalSection
EndGlobal
